
Microsoft Visual Studio Solution File, Format Version 12.00
# Visual Studio Version 17
VisualStudioVersion = 17.11.35327.3
MinimumVisualStudioVersion = 10.0.40219.1
Project("{FAE04EC0-301F-11D3-BF4B-00C04F79EFBC}") = "ConsoleApp1", "ConsoleApp1\ConsoleApp1.csproj", "{C29F23F8-B3D0-4EA4-B682-9273EEF7C6A0}"
EndProject
Global
	GlobalSection(SolutionConfigurationPlatforms) = preSolution
		Debug|Any CPU = Debug|Any CPU
		Release|Any CPU = Release|Any CPU
	EndGlobalSection
	GlobalSection(ProjectConfigurationPlatforms) = postSolution
		{C29F23F8-B3D0-4EA4-B682-9273EEF7C6A0}.Debug|Any CPU.ActiveCfg = Debug|Any CPU
		{C29F23F8-B3D0-4EA4-B682-9273EEF7C6A0}.Debug|Any CPU.Build.0 = Debug|Any CPU
		{C29F23F8-B3D0-4EA4-B682-9273EEF7C6A0}.Release|Any CPU.ActiveCfg = Release|Any CPU
		{C29F23F8-B3D0-4EA4-B682-9273EEF7C6A0}.Release|Any CPU.Build.0 = Release|Any CPU
	EndGlobalSection
	GlobalSection(SolutionProperties) = preSolution
		HideSolutionNode = FALSE
	EndGlobalSection
	GlobalSection(ExtensibilityGlobals) = postSolution
		SolutionGuid = {9156C2C8-A495-44FA-9D43-DB24D12632F2}
	EndGlobalSection
EndGlobal
