
Microsoft Visual Studio Solution File, Format Version 12.00
# Visual Studio Version 17
VisualStudioVersion = 17.11.35327.3
MinimumVisualStudioVersion = 10.0.40219.1
Project("{FAE04EC0-301F-11D3-BF4B-00C04F79EFBC}") = "ConsoleApp1", "ConsoleApp1\ConsoleApp1.csproj", "{F811501A-CB2E-4947-8305-9B49B2A6D52C}"
EndProject
Global
	GlobalSection(SolutionConfigurationPlatforms) = preSolution
		Debug|Any CPU = Debug|Any CPU
		Release|Any CPU = Release|Any CPU
	EndGlobalSection
	GlobalSection(ProjectConfigurationPlatforms) = postSolution
		{F811501A-CB2E-4947-8305-9B49B2A6D52C}.Debug|Any CPU.ActiveCfg = Debug|Any CPU
		{F811501A-CB2E-4947-8305-9B49B2A6D52C}.Debug|Any CPU.Build.0 = Debug|Any CPU
		{F811501A-CB2E-4947-8305-9B49B2A6D52C}.Release|Any CPU.ActiveCfg = Release|Any CPU
		{F811501A-CB2E-4947-8305-9B49B2A6D52C}.Release|Any CPU.Build.0 = Release|Any CPU
	EndGlobalSection
	GlobalSection(SolutionProperties) = preSolution
		HideSolutionNode = FALSE
	EndGlobalSection
	GlobalSection(ExtensibilityGlobals) = postSolution
		SolutionGuid = {279BB334-7BD4-4362-8BFD-3355F99DBF83}
	EndGlobalSection
EndGlobal
